# This file is autogenerated, do not edit; changes may be undone by the next 'dep ensure'.


[[projects]]
  branch = "master"
  name = "github.com/BurntSushi/toml"
  packages = ["."]
  revision = "a368813c5e648fee92e5f6c30e3944ff9d5e8895"

[[projects]]
  branch = "master"
  name = "github.com/abronan/valkeyrie"
  packages = [".","store"]
  revision = "063d875e3c5fd734fa2aa12fac83829f62acfc70"

[[projects]]
  branch = "master"
  name = "github.com/containous/flaeg"
  packages = [".","parse"]
  revision = "c4797734e8b31bd78dc2cc5d88d510decdee2d7e"

[[projects]]
  branch = "master"
  name = "github.com/fatih/camelcase"
  packages = ["."]
  revision = "44e46d280b43ec1531bb25252440e34f1b800b65"

[[projects]]
  branch = "master"
  name = "github.com/mitchellh/mapstructure"
  packages = ["."]
  revision = "06020f85339e21b2478f756a78e295255ffa4d6a"

[[projects]]
  branch = "master"
  name = "github.com/ogier/pflag"
  packages = ["."]
  revision = "45c278ab3607870051a2ea9040bb85fcb8557481"

[solve-meta]
  analyzer-name = "dep"
  analyzer-version = 1
  inputs-digest = "ffc28556ec3ec497812696810606e7f0ba6ec6d08b62470dafa16151f099c7c9"
  solver-name = "gps-cdcl"
  solver-version = 1
