# This file is autogenerated, do not edit; changes may be undone by the next 'dep ensure'.


[[projects]]
  branch = "master"
  name = "github.com/BurntSushi/toml"
  packages = ["."]
  revision = "a368813c5e648fee92e5f6c30e3944ff9d5e8895"

[[projects]]
  branch = "master"
  name = "github.com/containous/flaeg"
  packages = ["."]
  revision = "4b6f66624dce34a226f080b414c4705ea8731bc5"

[[projects]]
  branch = "master"
  name = "github.com/docker/libkv"
  packages = [".","store"]
  revision = "5e4bb288a9a74320bb03f5c18d6bdbab0d8049de"
  source = "github.com/abronan/libkv"

[[projects]]
  branch = "master"
  name = "github.com/mitchellh/mapstructure"
  packages = ["."]
  revision = "06020f85339e21b2478f756a78e295255ffa4d6a"

[[projects]]
  branch = "master"
  name = "github.com/ogier/pflag"
  packages = ["."]
  revision = "45c278ab3607870051a2ea9040bb85fcb8557481"

[solve-meta]
  analyzer-name = "dep"
  analyzer-version = 1
  inputs-digest = "c19cc2818b19b1ea5e33bc24664cd8c6fc9f1446ae62a71a500dbb1cbef9b235"
  solver-name = "gps-cdcl"
  solver-version = 1
